{
  "version": 4,
  "terraform_version": "1.9.6",
  "serial": 5,
  "lineage": "044149f6-ca4c-7ca2-6f62-8c2181f2c783",
  "outputs": {},
  "resources": [
    {
      "mode": "managed",
      "type": "spotify_playlist",
      "name": "My_playlist",
      "provider": "provider[\"registry.terraform.io/conradludgate/spotify\"]",
      "instances": [
        {
          "schema_version": 0,
          "attributes": {
            "description": "",
            "id": "2ymQsws8jO0X9kHNSdc880",
            "name": "My playlist",
            "public": true,
            "snapshot_id": "AAAAA9HHhEn03/cSbwON4OWBReHkt5zl",
            "tracks": [
              "0pqnGHJpmpxLKifKRmU6WP",
              "53XhwfbYqKCa1cC15pYq2q",
              "7qiZfU4dY1lWllzX7mPBI3",
              "08bNPGLD8AhKpnnERrAc6G"
            ]
          },
          "sensitive_attributes": [],
          "private": "bnVsbA=="
        }
      ]
    }
  ],
  "check_results": null
}
